// !$*UTF8*$!
{
	archiveVersion = 1;
	classes = {
	};
	objectVersion = 46;
	objects = {

/* Begin PBXBuildFile section */
		C72BFFE016AC860600697898 /* Storyboard.storyboard in Resources */ = {isa = PBXBuildFile; fileRef = C72BFFDF16AC860600697898 /* Storyboard.storyboard */; };
		C72BFFE316AC866200697898 /* Storyboard_iPad.storyboard in Resources */ = {isa = PBXBuildFile; fileRef = C72BFFE216AC866200697898 /* Storyboard_iPad.storyboard */; };
		C72BFFE916AC8ADB00697898 /* About.m in Sources */ = {isa = PBXBuildFile; fileRef = C72BFFE816AC8ADB00697898 /* About.m */; };
		C782BCD816C15E0A000002F7 /* SimpleAnnotation.m in Sources */ = {isa = PBXBuildFile; fileRef = C782BCD716C15E0A000002F7 /* SimpleAnnotation.m */; };
		C787273016AC90B500EF6A01 /* Default-Landscape~ipad.png in Resources */ = {isa = PBXBuildFile; fileRef = C787272F16AC90B500EF6A01 /* Default-Landscape~ipad.png */; };
		C787273316AC90BC00EF6A01 /* Default-Portrait@2x~ipad.png in Resources */ = {isa = PBXBuildFile; fileRef = C787273216AC90BC00EF6A01 /* Default-Portrait@2x~ipad.png */; };
		C787273516AC90C100EF6A01 /* Default-Portrait~ipad.png in Resources */ = {isa = PBXBuildFile; fileRef = C787273416AC90C100EF6A01 /* Default-Portrait~ipad.png */; };
		C787273716AC90C500EF6A01 /* Default-Landscape@2x~ipad.png in Resources */ = {isa = PBXBuildFile; fileRef = C787273616AC90C500EF6A01 /* Default-Landscape@2x~ipad.png */; };
		C787273D16AC949D00EF6A01 /* LoginController.m in Sources */ = {isa = PBXBuildFile; fileRef = C787273C16AC949D00EF6A01 /* LoginController.m */; };
		C7874C7916AC7DC7008852FD /* UIKit.framework in Frameworks */ = {isa = PBXBuildFile; fileRef = C7874C7816AC7DC7008852FD /* UIKit.framework */; };
		C7874C7B16AC7DC7008852FD /* Foundation.framework in Frameworks */ = {isa = PBXBuildFile; fileRef = C7874C7A16AC7DC7008852FD /* Foundation.framework */; };
		C7874C7D16AC7DC7008852FD /* CoreGraphics.framework in Frameworks */ = {isa = PBXBuildFile; fileRef = C7874C7C16AC7DC7008852FD /* CoreGraphics.framework */; };
		C7874C8316AC7DC7008852FD /* InfoPlist.strings in Resources */ = {isa = PBXBuildFile; fileRef = C7874C8116AC7DC7008852FD /* InfoPlist.strings */; };
		C7874C8516AC7DC7008852FD /* main.m in Sources */ = {isa = PBXBuildFile; fileRef = C7874C8416AC7DC7008852FD /* main.m */; };
		C7874C8916AC7DC7008852FD /* AppDelegate.m in Sources */ = {isa = PBXBuildFile; fileRef = C7874C8816AC7DC7008852FD /* AppDelegate.m */; };
		C7874C8B16AC7DC7008852FD /* Default.png in Resources */ = {isa = PBXBuildFile; fileRef = C7874C8A16AC7DC7008852FD /* Default.png */; };
		C7874C8F16AC7DC7008852FD /* Default-568h@2x.png in Resources */ = {isa = PBXBuildFile; fileRef = C7874C8E16AC7DC7008852FD /* Default-568h@2x.png */; };
		C7874C9616AC7EB4008852FD /* Icon.png in Resources */ = {isa = PBXBuildFile; fileRef = C7874C9516AC7EB4008852FD /* Icon.png */; };
		C7874C9816AC7EBA008852FD /* Icon@2x.png in Resources */ = {isa = PBXBuildFile; fileRef = C7874C9716AC7EBA008852FD /* Icon@2x.png */; };
		C7874C9A16AC7F00008852FD /* Default-568h@2x.png in Resources */ = {isa = PBXBuildFile; fileRef = C7874C9916AC7F00008852FD /* Default-568h@2x.png */; };
		C7874C9E16AC7F1A008852FD /* Default@2x.png in Resources */ = {isa = PBXBuildFile; fileRef = C7874C9D16AC7F1A008852FD /* Default@2x.png */; };
		C7874C9F16AC7FAA008852FD /* Default.png in Resources */ = {isa = PBXBuildFile; fileRef = C7874C9B16AC7F0B008852FD /* Default.png */; };
		C78FF3E216B21BF200D54208 /* WebBrowserController.m in Sources */ = {isa = PBXBuildFile; fileRef = C78FF3E116B21BF200D54208 /* WebBrowserController.m */; };
		C7B8425316B43E4D00971ED6 /* NumberCollectionViewController.m in Sources */ = {isa = PBXBuildFile; fileRef = C7B8425216B43E4D00971ED6 /* NumberCollectionViewController.m */; };
		C7DB4BDA16C141F300CB1370 /* MapController.m in Sources */ = {isa = PBXBuildFile; fileRef = C7DB4BD916C141F300CB1370 /* MapController.m */; };
		C7DB4BDD16C143D700CB1370 /* MapKit.framework in Frameworks */ = {isa = PBXBuildFile; fileRef = C7DB4BDC16C143D700CB1370 /* MapKit.framework */; };
		C7F34FE516C14C69003BBE45 /* CoreLocation.framework in Frameworks */ = {isa = PBXBuildFile; fileRef = C7F34FE416C14C69003BBE45 /* CoreLocation.framework */; };
		C7FB9FFC16B045F500F4E7A1 /* MenuTabBar.m in Sources */ = {isa = PBXBuildFile; fileRef = C7FB9FFB16B045F500F4E7A1 /* MenuTabBar.m */; };
/* End PBXBuildFile section */

/* Begin PBXFileReference section */
		C72BFFDF16AC860600697898 /* Storyboard.storyboard */ = {isa = PBXFileReference; fileEncoding = 4; lastKnownFileType = file.storyboard; name = Storyboard.storyboard; path = ../Storyboard.storyboard; sourceTree = "<group>"; };
		C72BFFE216AC866200697898 /* Storyboard_iPad.storyboard */ = {isa = PBXFileReference; fileEncoding = 4; lastKnownFileType = file.storyboard; path = Storyboard_iPad.storyboard; sourceTree = "<group>"; };
		C72BFFE716AC8ADB00697898 /* About.h */ = {isa = PBXFileReference; fileEncoding = 4; lastKnownFileType = sourcecode.c.h; path = About.h; sourceTree = "<group>"; };
		C72BFFE816AC8ADB00697898 /* About.m */ = {isa = PBXFileReference; fileEncoding = 4; lastKnownFileType = sourcecode.c.objc; path = About.m; sourceTree = "<group>"; };
		C782BCD616C15E0A000002F7 /* SimpleAnnotation.h */ = {isa = PBXFileReference; fileEncoding = 4; lastKnownFileType = sourcecode.c.h; name = SimpleAnnotation.h; path = Map/SimpleAnnotation.h; sourceTree = "<group>"; };
		C782BCD716C15E0A000002F7 /* SimpleAnnotation.m */ = {isa = PBXFileReference; fileEncoding = 4; lastKnownFileType = sourcecode.c.objc; name = SimpleAnnotation.m; path = Map/SimpleAnnotation.m; sourceTree = "<group>"; };
		C787272F16AC90B500EF6A01 /* Default-Landscape~ipad.png */ = {isa = PBXFileReference; lastKnownFileType = image.png; path = "Default-Landscape~ipad.png"; sourceTree = "<group>"; };
		C787273216AC90BC00EF6A01 /* Default-Portrait@2x~ipad.png */ = {isa = PBXFileReference; lastKnownFileType = image.png; path = "Default-Portrait@2x~ipad.png"; sourceTree = "<group>"; };
		C787273416AC90C100EF6A01 /* Default-Portrait~ipad.png */ = {isa = PBXFileReference; lastKnownFileType = image.png; path = "Default-Portrait~ipad.png"; sourceTree = "<group>"; };
		C787273616AC90C500EF6A01 /* Default-Landscape@2x~ipad.png */ = {isa = PBXFileReference; lastKnownFileType = image.png; path = "Default-Landscape@2x~ipad.png"; sourceTree = "<group>"; };
		C787273B16AC949D00EF6A01 /* LoginController.h */ = {isa = PBXFileReference; fileEncoding = 4; lastKnownFileType = sourcecode.c.h; name = LoginController.h; path = ../LoginController.h; sourceTree = "<group>"; };
		C787273C16AC949D00EF6A01 /* LoginController.m */ = {isa = PBXFileReference; fileEncoding = 4; lastKnownFileType = sourcecode.c.objc; name = LoginController.m; path = ../LoginController.m; sourceTree = "<group>"; };
		C7874C7416AC7DC7008852FD /* MovieReview.app */ = {isa = PBXFileReference; explicitFileType = wrapper.application; includeInIndex = 0; path = MovieReview.app; sourceTree = BUILT_PRODUCTS_DIR; };
		C7874C7816AC7DC7008852FD /* UIKit.framework */ = {isa = PBXFileReference; lastKnownFileType = wrapper.framework; name = UIKit.framework; path = System/Library/Frameworks/UIKit.framework; sourceTree = SDKROOT; };
		C7874C7A16AC7DC7008852FD /* Foundation.framework */ = {isa = PBXFileReference; lastKnownFileType = wrapper.framework; name = Foundation.framework; path = System/Library/Frameworks/Foundation.framework; sourceTree = SDKROOT; };
		C7874C7C16AC7DC7008852FD /* CoreGraphics.framework */ = {isa = PBXFileReference; lastKnownFileType = wrapper.framework; name = CoreGraphics.framework; path = System/Library/Frameworks/CoreGraphics.framework; sourceTree = SDKROOT; };
		C7874C8016AC7DC7008852FD /* MovieReview-Info.plist */ = {isa = PBXFileReference; lastKnownFileType = text.plist.xml; path = "MovieReview-Info.plist"; sourceTree = "<group>"; };
		C7874C8216AC7DC7008852FD /* en */ = {isa = PBXFileReference; lastKnownFileType = text.plist.strings; name = en; path = en.lproj/InfoPlist.strings; sourceTree = "<group>"; };
		C7874C8416AC7DC7008852FD /* main.m */ = {isa = PBXFileReference; lastKnownFileType = sourcecode.c.objc; path = main.m; sourceTree = "<group>"; };
		C7874C8616AC7DC7008852FD /* MovieReview-Prefix.pch */ = {isa = PBXFileReference; lastKnownFileType = sourcecode.c.h; path = "MovieReview-Prefix.pch"; sourceTree = "<group>"; };
		C7874C8716AC7DC7008852FD /* AppDelegate.h */ = {isa = PBXFileReference; lastKnownFileType = sourcecode.c.h; path = AppDelegate.h; sourceTree = "<group>"; };
		C7874C8816AC7DC7008852FD /* AppDelegate.m */ = {isa = PBXFileReference; lastKnownFileType = sourcecode.c.objc; path = AppDelegate.m; sourceTree = "<group>"; };
		C7874C8A16AC7DC7008852FD /* Default.png */ = {isa = PBXFileReference; lastKnownFileType = image.png; path = Default.png; sourceTree = "<group>"; };
		C7874C8C16AC7DC7008852FD /* Default@2x.png */ = {isa = PBXFileReference; lastKnownFileType = image.png; path = "Default@2x.png"; sourceTree = "<group>"; };
		C7874C8E16AC7DC7008852FD /* Default-568h@2x.png */ = {isa = PBXFileReference; lastKnownFileType = image.png; path = "Default-568h@2x.png"; sourceTree = "<group>"; };
		C7874C9516AC7EB4008852FD /* Icon.png */ = {isa = PBXFileReference; lastKnownFileType = image.png; path = Icon.png; sourceTree = "<group>"; };
		C7874C9716AC7EBA008852FD /* Icon@2x.png */ = {isa = PBXFileReference; lastKnownFileType = image.png; path = "Icon@2x.png"; sourceTree = "<group>"; };
		C7874C9916AC7F00008852FD /* Default-568h@2x.png */ = {isa = PBXFileReference; lastKnownFileType = image.png; path = "Default-568h@2x.png"; sourceTree = "<group>"; };
		C7874C9B16AC7F0B008852FD /* Default.png */ = {isa = PBXFileReference; lastKnownFileType = image.png; path = Default.png; sourceTree = "<group>"; };
		C7874C9D16AC7F1A008852FD /* Default@2x.png */ = {isa = PBXFileReference; lastKnownFileType = image.png; path = "Default@2x.png"; sourceTree = "<group>"; };
		C78FF3E016B21BF200D54208 /* WebBrowserController.h */ = {isa = PBXFileReference; fileEncoding = 4; lastKnownFileType = sourcecode.c.h; name = WebBrowserController.h; path = WebBrowser/WebBrowserController.h; sourceTree = "<group>"; };
		C78FF3E116B21BF200D54208 /* WebBrowserController.m */ = {isa = PBXFileReference; fileEncoding = 4; lastKnownFileType = sourcecode.c.objc; name = WebBrowserController.m; path = WebBrowser/WebBrowserController.m; sourceTree = "<group>"; };
		C7B8425116B43E4D00971ED6 /* NumberCollectionViewController.h */ = {isa = PBXFileReference; fileEncoding = 4; lastKnownFileType = sourcecode.c.h; name = NumberCollectionViewController.h; path = SortList/NumberCollectionViewController.h; sourceTree = "<group>"; };
		C7B8425216B43E4D00971ED6 /* NumberCollectionViewController.m */ = {isa = PBXFileReference; fileEncoding = 4; lastKnownFileType = sourcecode.c.objc; name = NumberCollectionViewController.m; path = SortList/NumberCollectionViewController.m; sourceTree = "<group>"; };
		C7DB4BD816C141F300CB1370 /* MapController.h */ = {isa = PBXFileReference; fileEncoding = 4; lastKnownFileType = sourcecode.c.h; name = MapController.h; path = Map/MapController.h; sourceTree = "<group>"; };
		C7DB4BD916C141F300CB1370 /* MapController.m */ = {isa = PBXFileReference; fileEncoding = 4; lastKnownFileType = sourcecode.c.objc; name = MapController.m; path = Map/MapController.m; sourceTree = "<group>"; };
		C7DB4BDC16C143D700CB1370 /* MapKit.framework */ = {isa = PBXFileReference; lastKnownFileType = wrapper.framework; name = MapKit.framework; path = System/Library/Frameworks/MapKit.framework; sourceTree = SDKROOT; };
		C7F34FE416C14C69003BBE45 /* CoreLocation.framework */ = {isa = PBXFileReference; lastKnownFileType = wrapper.framework; name = CoreLocation.framework; path = System/Library/Frameworks/CoreLocation.framework; sourceTree = SDKROOT; };
		C7FB9FFA16B045F500F4E7A1 /* MenuTabBar.h */ = {isa = PBXFileReference; fileEncoding = 4; lastKnownFileType = sourcecode.c.h; path = MenuTabBar.h; sourceTree = "<group>"; };
		C7FB9FFB16B045F500F4E7A1 /* MenuTabBar.m */ = {isa = PBXFileReference; fileEncoding = 4; lastKnownFileType = sourcecode.c.objc; path = MenuTabBar.m; sourceTree = "<group>"; };
/* End PBXFileReference section */

/* Begin PBXFrameworksBuildPhase section */
		C7874C7116AC7DC7008852FD /* Frameworks */ = {
			isa = PBXFrameworksBuildPhase;
			buildActionMask = 2147483647;
			files = (
				C7F34FE516C14C69003BBE45 /* CoreLocation.framework in Frameworks */,
				C7DB4BDD16C143D700CB1370 /* MapKit.framework in Frameworks */,
				C7874C7916AC7DC7008852FD /* UIKit.framework in Frameworks */,
				C7874C7B16AC7DC7008852FD /* Foundation.framework in Frameworks */,
				C7874C7D16AC7DC7008852FD /* CoreGraphics.framework in Frameworks */,
			);
			runOnlyForDeploymentPostprocessing = 0;
		};
/* End PBXFrameworksBuildPhase section */

/* Begin PBXGroup section */
		C787273E16AC951B00EF6A01 /* Login */ = {
			isa = PBXGroup;
			children = (
				C787273B16AC949D00EF6A01 /* LoginController.h */,
				C787273C16AC949D00EF6A01 /* LoginController.m */,
			);
			name = Login;
			sourceTree = "<group>";
		};
		C787273F16AC964300EF6A01 /* About */ = {
			isa = PBXGroup;
			children = (
				C72BFFE716AC8ADB00697898 /* About.h */,
				C72BFFE816AC8ADB00697898 /* About.m */,
			);
			name = About;
			sourceTree = "<group>";
		};
		C7874C6916AC7DC7008852FD = {
			isa = PBXGroup;
			children = (
				C7F34FE416C14C69003BBE45 /* CoreLocation.framework */,
				C7DB4BDC16C143D700CB1370 /* MapKit.framework */,
				C787273616AC90C500EF6A01 /* Default-Landscape@2x~ipad.png */,
				C787273416AC90C100EF6A01 /* Default-Portrait~ipad.png */,
				C787273216AC90BC00EF6A01 /* Default-Portrait@2x~ipad.png */,
				C787272F16AC90B500EF6A01 /* Default-Landscape~ipad.png */,
				C72BFFE216AC866200697898 /* Storyboard_iPad.storyboard */,
				C7874C9D16AC7F1A008852FD /* Default@2x.png */,
				C7874C9B16AC7F0B008852FD /* Default.png */,
				C7874C9916AC7F00008852FD /* Default-568h@2x.png */,
				C7874C9716AC7EBA008852FD /* Icon@2x.png */,
				C7874C9516AC7EB4008852FD /* Icon.png */,
				C7874C7E16AC7DC7008852FD /* MovieReview */,
				C7874C7716AC7DC7008852FD /* Frameworks */,
				C7874C7516AC7DC7008852FD /* Products */,
			);
			sourceTree = "<group>";
		};
		C7874C7516AC7DC7008852FD /* Products */ = {
			isa = PBXGroup;
			children = (
				C7874C7416AC7DC7008852FD /* MovieReview.app */,
			);
			name = Products;
			sourceTree = "<group>";
		};
		C7874C7716AC7DC7008852FD /* Frameworks */ = {
			isa = PBXGroup;
			children = (
				C7874C7816AC7DC7008852FD /* UIKit.framework */,
				C7874C7A16AC7DC7008852FD /* Foundation.framework */,
				C7874C7C16AC7DC7008852FD /* CoreGraphics.framework */,
			);
			name = Frameworks;
			sourceTree = "<group>";
		};
		C7874C7E16AC7DC7008852FD /* MovieReview */ = {
			isa = PBXGroup;
			children = (
				C78FF3DF16B21BA600D54208 /* WebBrowser */,
				C78FF3DB16B21B0F00D54208 /* SortList */,
				C787273F16AC964300EF6A01 /* About */,
				C787273E16AC951B00EF6A01 /* Login */,
				C72BFFDF16AC860600697898 /* Storyboard.storyboard */,
				C7874C8716AC7DC7008852FD /* AppDelegate.h */,
				C7874C8816AC7DC7008852FD /* AppDelegate.m */,
				C7874C7F16AC7DC7008852FD /* Supporting Files */,
				C78FF3D916B21AD800D54208 /* Menu */,
				C7F34FE716C158BA003BBE45 /* Map */,
			);
			path = MovieReview;
			sourceTree = "<group>";
		};
		C7874C7F16AC7DC7008852FD /* Supporting Files */ = {
			isa = PBXGroup;
			children = (
				C7874C8016AC7DC7008852FD /* MovieReview-Info.plist */,
				C7874C8116AC7DC7008852FD /* InfoPlist.strings */,
				C7874C8416AC7DC7008852FD /* main.m */,
				C7874C8616AC7DC7008852FD /* MovieReview-Prefix.pch */,
				C7874C8A16AC7DC7008852FD /* Default.png */,
				C7874C8C16AC7DC7008852FD /* Default@2x.png */,
				C7874C8E16AC7DC7008852FD /* Default-568h@2x.png */,
			);
			name = "Supporting Files";
			sourceTree = "<group>";
		};
		C78FF3D916B21AD800D54208 /* Menu */ = {
			isa = PBXGroup;
			children = (
				C7FB9FFA16B045F500F4E7A1 /* MenuTabBar.h */,
				C7FB9FFB16B045F500F4E7A1 /* MenuTabBar.m */,
			);
			name = Menu;
			sourceTree = "<group>";
		};
		C78FF3DB16B21B0F00D54208 /* SortList */ = {
			isa = PBXGroup;
			children = (
				C7B8425116B43E4D00971ED6 /* NumberCollectionViewController.h */,
				C7B8425216B43E4D00971ED6 /* NumberCollectionViewController.m */,
			);
			name = SortList;
			sourceTree = "<group>";
		};
		C78FF3DF16B21BA600D54208 /* WebBrowser */ = {
			isa = PBXGroup;
			children = (
				C78FF3E016B21BF200D54208 /* WebBrowserController.h */,
				C78FF3E116B21BF200D54208 /* WebBrowserController.m */,
			);
			name = WebBrowser;
			sourceTree = "<group>";
		};
		C7F34FE716C158BA003BBE45 /* Map */ = {
			isa = PBXGroup;
			children = (
				C7DB4BD816C141F300CB1370 /* MapController.h */,
				C7DB4BD916C141F300CB1370 /* MapController.m */,
				C782BCD616C15E0A000002F7 /* SimpleAnnotation.h */,
				C782BCD716C15E0A000002F7 /* SimpleAnnotation.m */,
			);
			name = Map;
			sourceTree = "<group>";
		};
/* End PBXGroup section */

/* Begin PBXNativeTarget section */
		C7874C7316AC7DC7008852FD /* MovieReview */ = {
			isa = PBXNativeTarget;
			buildConfigurationList = C7874C9216AC7DC7008852FD /* Build configuration list for PBXNativeTarget "MovieReview" */;
			buildPhases = (
				C7874C7016AC7DC7008852FD /* Sources */,
				C7874C7116AC7DC7008852FD /* Frameworks */,
				C7874C7216AC7DC7008852FD /* Resources */,
			);
			buildRules = (
			);
			dependencies = (
			);
			name = MovieReview;
			productName = MovieReview;
			productReference = C7874C7416AC7DC7008852FD /* MovieReview.app */;
			productType = "com.apple.product-type.application";
		};
/* End PBXNativeTarget section */

/* Begin PBXProject section */
		C7874C6B16AC7DC7008852FD /* Project object */ = {
			isa = PBXProject;
			attributes = {
				LastUpgradeCheck = 0450;
				ORGANIZATIONNAME = y_kajikawa;
			};
			buildConfigurationList = C7874C6E16AC7DC7008852FD /* Build configuration list for PBXProject "MovieReview" */;
			compatibilityVersion = "Xcode 3.2";
			developmentRegion = English;
			hasScannedForEncodings = 0;
			knownRegions = (
				en,
			);
			mainGroup = C7874C6916AC7DC7008852FD;
			productRefGroup = C7874C7516AC7DC7008852FD /* Products */;
			projectDirPath = "";
			projectRoot = "";
			targets = (
				C7874C7316AC7DC7008852FD /* MovieReview */,
			);
		};
/* End PBXProject section */

/* Begin PBXResourcesBuildPhase section */
		C7874C7216AC7DC7008852FD /* Resources */ = {
			isa = PBXResourcesBuildPhase;
			buildActionMask = 2147483647;
			files = (
				C7874C8316AC7DC7008852FD /* InfoPlist.strings in Resources */,
				C7874C8B16AC7DC7008852FD /* Default.png in Resources */,
				C7874C8F16AC7DC7008852FD /* Default-568h@2x.png in Resources */,
				C7874C9616AC7EB4008852FD /* Icon.png in Resources */,
				C7874C9816AC7EBA008852FD /* Icon@2x.png in Resources */,
				C7874C9A16AC7F00008852FD /* Default-568h@2x.png in Resources */,
				C7874C9E16AC7F1A008852FD /* Default@2x.png in Resources */,
				C7874C9F16AC7FAA008852FD /* Default.png in Resources */,
				C72BFFE016AC860600697898 /* Storyboard.storyboard in Resources */,
				C72BFFE316AC866200697898 /* Storyboard_iPad.storyboard in Resources */,
				C787273016AC90B500EF6A01 /* Default-Landscape~ipad.png in Resources */,
				C787273316AC90BC00EF6A01 /* Default-Portrait@2x~ipad.png in Resources */,
				C787273516AC90C100EF6A01 /* Default-Portrait~ipad.png in Resources */,
				C787273716AC90C500EF6A01 /* Default-Landscape@2x~ipad.png in Resources */,
			);
			runOnlyForDeploymentPostprocessing = 0;
		};
/* End PBXResourcesBuildPhase section */

/* Begin PBXSourcesBuildPhase section */
		C7874C7016AC7DC7008852FD /* Sources */ = {
			isa = PBXSourcesBuildPhase;
			buildActionMask = 2147483647;
			files = (
				C7874C8516AC7DC7008852FD /* main.m in Sources */,
				C7874C8916AC7DC7008852FD /* AppDelegate.m in Sources */,
				C72BFFE916AC8ADB00697898 /* About.m in Sources */,
				C787273D16AC949D00EF6A01 /* LoginController.m in Sources */,
				C7FB9FFC16B045F500F4E7A1 /* MenuTabBar.m in Sources */,
				C78FF3E216B21BF200D54208 /* WebBrowserController.m in Sources */,
				C7B8425316B43E4D00971ED6 /* NumberCollectionViewController.m in Sources */,
				C7DB4BDA16C141F300CB1370 /* MapController.m in Sources */,
				C782BCD816C15E0A000002F7 /* SimpleAnnotation.m in Sources */,
			);
			runOnlyForDeploymentPostprocessing = 0;
		};
/* End PBXSourcesBuildPhase section */

/* Begin PBXVariantGroup section */
		C7874C8116AC7DC7008852FD /* InfoPlist.strings */ = {
			isa = PBXVariantGroup;
			children = (
				C7874C8216AC7DC7008852FD /* en */,
			);
			name = InfoPlist.strings;
			sourceTree = "<group>";
		};
/* End PBXVariantGroup section */

/* Begin XCBuildConfiguration section */
		C7874C9016AC7DC7008852FD /* Debug */ = {
			isa = XCBuildConfiguration;
			buildSettings = {
				ALWAYS_SEARCH_USER_PATHS = NO;
				CLANG_CXX_LANGUAGE_STANDARD = "gnu++0x";
				CLANG_CXX_LIBRARY = "libc++";
				CLANG_WARN_EMPTY_BODY = YES;
				CLANG_WARN__DUPLICATE_METHOD_MATCH = YES;
				"CODE_SIGN_IDENTITY[sdk=iphoneos*]" = "iPhone Developer";
				COPY_PHASE_STRIP = NO;
				GCC_C_LANGUAGE_STANDARD = gnu99;
				GCC_DYNAMIC_NO_PIC = NO;
				GCC_OPTIMIZATION_LEVEL = 0;
				GCC_PREPROCESSOR_DEFINITIONS = (
					"DEBUG=1",
					"$(inherited)",
				);
				GCC_SYMBOLS_PRIVATE_EXTERN = NO;
				GCC_WARN_ABOUT_RETURN_TYPE = YES;
				GCC_WARN_UNINITIALIZED_AUTOS = YES;
				GCC_WARN_UNUSED_VARIABLE = YES;
				IPHONEOS_DEPLOYMENT_TARGET = 6.0;
				ONLY_ACTIVE_ARCH = YES;
				SDKROOT = iphoneos;
				TARGETED_DEVICE_FAMILY = "1,2";
			};
			name = Debug;
		};
		C7874C9116AC7DC7008852FD /* Release */ = {
			isa = XCBuildConfiguration;
			buildSettings = {
				ALWAYS_SEARCH_USER_PATHS = NO;
				CLANG_CXX_LANGUAGE_STANDARD = "gnu++0x";
				CLANG_CXX_LIBRARY = "libc++";
				CLANG_WARN_EMPTY_BODY = YES;
				CLANG_WARN__DUPLICATE_METHOD_MATCH = YES;
				"CODE_SIGN_IDENTITY[sdk=iphoneos*]" = "iPhone Developer";
				COPY_PHASE_STRIP = YES;
				GCC_C_LANGUAGE_STANDARD = gnu99;
				GCC_WARN_ABOUT_RETURN_TYPE = YES;
				GCC_WARN_UNINITIALIZED_AUTOS = YES;
				GCC_WARN_UNUSED_VARIABLE = YES;
				IPHONEOS_DEPLOYMENT_TARGET = 6.0;
				OTHER_CFLAGS = "-DNS_BLOCK_ASSERTIONS=1";
				SDKROOT = iphoneos;
				TARGETED_DEVICE_FAMILY = "1,2";
				VALIDATE_PRODUCT = YES;
			};
			name = Release;
		};
		C7874C9316AC7DC7008852FD /* Debug */ = {
			isa = XCBuildConfiguration;
			buildSettings = {
				GCC_PRECOMPILE_PREFIX_HEADER = YES;
				GCC_PREFIX_HEADER = "MovieReview/MovieReview-Prefix.pch";
				INFOPLIST_FILE = "MovieReview/MovieReview-Info.plist";
				PRODUCT_NAME = "$(TARGET_NAME)";
				WRAPPER_EXTENSION = app;
			};
			name = Debug;
		};
		C7874C9416AC7DC7008852FD /* Release */ = {
			isa = XCBuildConfiguration;
			buildSettings = {
				GCC_PRECOMPILE_PREFIX_HEADER = YES;
				GCC_PREFIX_HEADER = "MovieReview/MovieReview-Prefix.pch";
				INFOPLIST_FILE = "MovieReview/MovieReview-Info.plist";
				PRODUCT_NAME = "$(TARGET_NAME)";
				WRAPPER_EXTENSION = app;
			};
			name = Release;
		};
/* End XCBuildConfiguration section */

/* Begin XCConfigurationList section */
		C7874C6E16AC7DC7008852FD /* Build configuration list for PBXProject "MovieReview" */ = {
			isa = XCConfigurationList;
			buildConfigurations = (
				C7874C9016AC7DC7008852FD /* Debug */,
				C7874C9116AC7DC7008852FD /* Release */,
			);
			defaultConfigurationIsVisible = 0;
			defaultConfigurationName = Release;
		};
		C7874C9216AC7DC7008852FD /* Build configuration list for PBXNativeTarget "MovieReview" */ = {
			isa = XCConfigurationList;
			buildConfigurations = (
				C7874C9316AC7DC7008852FD /* Debug */,
				C7874C9416AC7DC7008852FD /* Release */,
			);
			defaultConfigurationIsVisible = 0;
			defaultConfigurationName = Release;
		};
/* End XCConfigurationList section */
	};
	rootObject = C7874C6B16AC7DC7008852FD /* Project object */;
}
